<?xml version="1.0" encoding="utf-8"?>
<Project ToolsVersion="4.0" xmlns="http://schemas.microsoft.com/developer/msbuild/2003">
  <ItemGroup>
    <Filter Include="Fichiers sources">
      <UniqueIdentifier>{4FC737F1-C7A5-4376-A066-2A32D752A2FF}</UniqueIdentifier>
      <Extensions>cpp;c;cc;cxx;c++;cppm;ixx;def;odl;idl;hpj;bat;asm;asmx</Extensions>
    </Filter>
    <Filter Include="Fichiers d%27en-tête">
      <UniqueIdentifier>{93995380-89BD-4b04-88EB-625FBE52EBFB}</UniqueIdentifier>
      <Extensions>h;hh;hpp;hxx;h++;hm;inl;inc;ipp;xsd</Extensions>
    </Filter>
    <Filter Include="Fichiers de ressources">
      <UniqueIdentifier>{67DA6AB6-F800-4c08-8B7A-83BB121AAD01}</UniqueIdentifier>
      <Extensions>rc;ico;cur;bmp;dlg;rc2;rct;bin;rgs;gif;jpg;jpeg;jpe;resx;tiff;tif;png;wav;mfcribbon-ms</Extensions>
    </Filter>
    <Filter Include="Fichiers sources\src">
      <UniqueIdentifier>{85eaf977-4a28-4ded-8b4c-df0877c7801d}</UniqueIdentifier>
    </Filter>
    <Filter Include="Fichiers d%27en-tête\Headers">
      <UniqueIdentifier>{3e0669d7-b692-4ef1-8b34-b7eb26c8f7a4}</UniqueIdentifier>
    </Filter>
    <Filter Include="Fichiers d%27en-tête\Headers\Maths">
      <UniqueIdentifier>{634515b4-cf4e-418a-8905-61564b327394}</UniqueIdentifier>
    </Filter>
    <Filter Include="Fichiers sources\src\Maths">
      <UniqueIdentifier>{3fd14274-6010-4ff0-901b-34772ef9068b}</UniqueIdentifier>
    </Filter>
    <Filter Include="Fichiers d%27en-tête\Headers\DataStructure">
      <UniqueIdentifier>{d0e08823-1b4c-47ad-837d-fcba2486d984}</UniqueIdentifier>
    </Filter>
    <Filter Include="Fichiers d%27en-tête\Headers\LowRenderer">
      <UniqueIdentifier>{25773c85-2fd9-4657-88e5-bb9b3b0279e2}</UniqueIdentifier>
    </Filter>
  </ItemGroup>
  <ItemGroup>
    <ClCompile Include="src\main.cpp">
      <Filter>Fichiers sources\src</Filter>
    </ClCompile>
    <ClCompile Include="..\OpenGL\Sources\Maths\Vec2.cpp">
      <Filter>Fichiers sources\src\Maths</Filter>
    </ClCompile>
    <ClCompile Include="..\OpenGL\Sources\Maths\Vec3.cpp">
      <Filter>Fichiers sources\src\Maths</Filter>
    </ClCompile>
  </ItemGroup>
  <ItemGroup>
    <ClInclude Include="..\OpenGL\Headers\Maths\Vec2.hpp">
      <Filter>Fichiers d%27en-tête\Headers\Maths</Filter>
    </ClInclude>
    <ClInclude Include="..\OpenGL\Headers\Maths\Vec3.hpp">
      <Filter>Fichiers d%27en-tête\Headers\Maths</Filter>
    </ClInclude>
    <ClInclude Include="..\OpenGL\Headers\DataStructure\GameObject.hpp">
      <Filter>Fichiers d%27en-tête\Headers\DataStructure</Filter>
    </ClInclude>
    <ClInclude Include="..\OpenGL\Headers\LowRenderer\Camera.hpp">
      <Filter>Fichiers d%27en-tête\Headers\LowRenderer</Filter>
    </ClInclude>
  </ItemGroup>
</Project>